// !$*UTF8*$!
{
	archiveVersion = 1;
	classes = {
	};
	objectVersion = 46;
	objects = {

/* Begin PBXBuildFile section */
		9C7DE6A11DD62F4D00891F4A /* AppDelegate.swift in Sources */ = {isa = PBXBuildFile; fileRef = 9C7DE6A01DD62F4D00891F4A /* AppDelegate.swift */; };
		9C7DE6A31DD62F4D00891F4A /* FirstViewController.swift in Sources */ = {isa = PBXBuildFile; fileRef = 9C7DE6A21DD62F4D00891F4A /* FirstViewController.swift */; };
		9C7DE6A51DD62F4D00891F4A /* SecondViewController.swift in Sources */ = {isa = PBXBuildFile; fileRef = 9C7DE6A41DD62F4D00891F4A /* SecondViewController.swift */; };
		9C7DE6A81DD62F4D00891F4A /* Main.storyboard in Resources */ = {isa = PBXBuildFile; fileRef = 9C7DE6A61DD62F4D00891F4A /* Main.storyboard */; };
		9C7DE6AA1DD62F4D00891F4A /* Assets.xcassets in Resources */ = {isa = PBXBuildFile; fileRef = 9C7DE6A91DD62F4D00891F4A /* Assets.xcassets */; };
		9C7DE6AD1DD62F4D00891F4A /* LaunchScreen.storyboard in Resources */ = {isa = PBXBuildFile; fileRef = 9C7DE6AB1DD62F4D00891F4A /* LaunchScreen.storyboard */; };
		9C7DE6B71DD6371D00891F4A /* TextProvider.swift in Sources */ = {isa = PBXBuildFile; fileRef = 9C7DE6B61DD6371D00891F4A /* TextProvider.swift */; };
		9C7DE6B91DD637C200891F4A /* SwinjectStoryboard+Setup.swift in Sources */ = {isa = PBXBuildFile; fileRef = 9C7DE6B81DD637C200891F4A /* SwinjectStoryboard+Setup.swift */; };
		9C7F82351DD640450033C3A8 /* Podfile in Resources */ = {isa = PBXBuildFile; fileRef = 9C7F82341DD640450033C3A8 /* Podfile */; };
		E2A6158969D2F47B78B810B7 /* Pods_iOSDependencyInjectionWithSwinject.framework in Frameworks */ = {isa = PBXBuildFile; fileRef = 3E7D9CC8AB2558D6BDFF1E94 /* Pods_iOSDependencyInjectionWithSwinject.framework */; };
/* End PBXBuildFile section */

/* Begin PBXFileReference section */
		3E7D9CC8AB2558D6BDFF1E94 /* Pods_iOSDependencyInjectionWithSwinject.framework */ = {isa = PBXFileReference; explicitFileType = wrapper.framework; includeInIndex = 0; path = Pods_iOSDependencyInjectionWithSwinject.framework; sourceTree = BUILT_PRODUCTS_DIR; };
		5CBA6DF13947CBB962569047 /* Pods-iOSDependencyInjectionWithSwinject.release.xcconfig */ = {isa = PBXFileReference; includeInIndex = 1; lastKnownFileType = text.xcconfig; name = "Pods-iOSDependencyInjectionWithSwinject.release.xcconfig"; path = "Pods/Target Support Files/Pods-iOSDependencyInjectionWithSwinject/Pods-iOSDependencyInjectionWithSwinject.release.xcconfig"; sourceTree = "<group>"; };
		9C7DE69D1DD62F4D00891F4A /* iOSDependencyInjectionWithSwinject.app */ = {isa = PBXFileReference; explicitFileType = wrapper.application; includeInIndex = 0; path = iOSDependencyInjectionWithSwinject.app; sourceTree = BUILT_PRODUCTS_DIR; };
		9C7DE6A01DD62F4D00891F4A /* AppDelegate.swift */ = {isa = PBXFileReference; lastKnownFileType = sourcecode.swift; path = AppDelegate.swift; sourceTree = "<group>"; };
		9C7DE6A21DD62F4D00891F4A /* FirstViewController.swift */ = {isa = PBXFileReference; lastKnownFileType = sourcecode.swift; path = FirstViewController.swift; sourceTree = "<group>"; };
		9C7DE6A41DD62F4D00891F4A /* SecondViewController.swift */ = {isa = PBXFileReference; lastKnownFileType = sourcecode.swift; path = SecondViewController.swift; sourceTree = "<group>"; };
		9C7DE6A71DD62F4D00891F4A /* Base */ = {isa = PBXFileReference; lastKnownFileType = file.storyboard; name = Base; path = Base.lproj/Main.storyboard; sourceTree = "<group>"; };
		9C7DE6A91DD62F4D00891F4A /* Assets.xcassets */ = {isa = PBXFileReference; lastKnownFileType = folder.assetcatalog; path = Assets.xcassets; sourceTree = "<group>"; };
		9C7DE6AC1DD62F4D00891F4A /* Base */ = {isa = PBXFileReference; lastKnownFileType = file.storyboard; name = Base; path = Base.lproj/LaunchScreen.storyboard; sourceTree = "<group>"; };
		9C7DE6AE1DD62F4D00891F4A /* Info.plist */ = {isa = PBXFileReference; lastKnownFileType = text.plist.xml; path = Info.plist; sourceTree = "<group>"; };
		9C7DE6B61DD6371D00891F4A /* TextProvider.swift */ = {isa = PBXFileReference; fileEncoding = 4; lastKnownFileType = sourcecode.swift; path = TextProvider.swift; sourceTree = "<group>"; };
		9C7DE6B81DD637C200891F4A /* SwinjectStoryboard+Setup.swift */ = {isa = PBXFileReference; fileEncoding = 4; lastKnownFileType = sourcecode.swift; path = "SwinjectStoryboard+Setup.swift"; sourceTree = "<group>"; };
		9C7F82341DD640450033C3A8 /* Podfile */ = {isa = PBXFileReference; fileEncoding = 4; lastKnownFileType = text; path = Podfile; sourceTree = SOURCE_ROOT; xcLanguageSpecificationIdentifier = xcode.lang.ruby; };
		D130B88FED76825E458FF43F /* Pods-iOSDependencyInjectionWithSwinject.debug.xcconfig */ = {isa = PBXFileReference; includeInIndex = 1; lastKnownFileType = text.xcconfig; name = "Pods-iOSDependencyInjectionWithSwinject.debug.xcconfig"; path = "Pods/Target Support Files/Pods-iOSDependencyInjectionWithSwinject/Pods-iOSDependencyInjectionWithSwinject.debug.xcconfig"; sourceTree = "<group>"; };
/* End PBXFileReference section */

/* Begin PBXFrameworksBuildPhase section */
		9C7DE69A1DD62F4D00891F4A /* Frameworks */ = {
			isa = PBXFrameworksBuildPhase;
			buildActionMask = 2147483647;
			files = (
				E2A6158969D2F47B78B810B7 /* Pods_iOSDependencyInjectionWithSwinject.framework in Frameworks */,
			);
			runOnlyForDeploymentPostprocessing = 0;
		};
/* End PBXFrameworksBuildPhase section */

/* Begin PBXGroup section */
		06A69D97E6E0847A5FC819E4 /* Frameworks */ = {
			isa = PBXGroup;
			children = (
				3E7D9CC8AB2558D6BDFF1E94 /* Pods_iOSDependencyInjectionWithSwinject.framework */,
			);
			name = Frameworks;
			sourceTree = "<group>";
		};
		821DBC9E8AC1F8061CD7AAAE /* Pods */ = {
			isa = PBXGroup;
			children = (
				D130B88FED76825E458FF43F /* Pods-iOSDependencyInjectionWithSwinject.debug.xcconfig */,
				5CBA6DF13947CBB962569047 /* Pods-iOSDependencyInjectionWithSwinject.release.xcconfig */,
			);
			name = Pods;
			sourceTree = "<group>";
		};
		9C7DE6941DD62F4D00891F4A = {
			isa = PBXGroup;
			children = (
				9C7DE69F1DD62F4D00891F4A /* iOSDependencyInjectionWithSwinject */,
				9C7DE69E1DD62F4D00891F4A /* Products */,
				821DBC9E8AC1F8061CD7AAAE /* Pods */,
				06A69D97E6E0847A5FC819E4 /* Frameworks */,
			);
			sourceTree = "<group>";
		};
		9C7DE69E1DD62F4D00891F4A /* Products */ = {
			isa = PBXGroup;
			children = (
				9C7DE69D1DD62F4D00891F4A /* iOSDependencyInjectionWithSwinject.app */,
			);
			name = Products;
			sourceTree = "<group>";
		};
		9C7DE69F1DD62F4D00891F4A /* iOSDependencyInjectionWithSwinject */ = {
			isa = PBXGroup;
			children = (
				9C7DE6A01DD62F4D00891F4A /* AppDelegate.swift */,
				9C7DE6A21DD62F4D00891F4A /* FirstViewController.swift */,
				9C7F82341DD640450033C3A8 /* Podfile */,
				9C7DE6A41DD62F4D00891F4A /* SecondViewController.swift */,
				9C7DE6A61DD62F4D00891F4A /* Main.storyboard */,
				9C7DE6A91DD62F4D00891F4A /* Assets.xcassets */,
				9C7DE6AB1DD62F4D00891F4A /* LaunchScreen.storyboard */,
				9C7DE6AE1DD62F4D00891F4A /* Info.plist */,
				9C7DE6B61DD6371D00891F4A /* TextProvider.swift */,
				9C7DE6B81DD637C200891F4A /* SwinjectStoryboard+Setup.swift */,
			);
			path = iOSDependencyInjectionWithSwinject;
			sourceTree = "<group>";
		};
/* End PBXGroup section */

/* Begin PBXNativeTarget section */
		9C7DE69C1DD62F4D00891F4A /* iOSDependencyInjectionWithSwinject */ = {
			isa = PBXNativeTarget;
			buildConfigurationList = 9C7DE6B11DD62F4D00891F4A /* Build configuration list for PBXNativeTarget "iOSDependencyInjectionWithSwinject" */;
			buildPhases = (
				0B889D96C0DAF918985C52E8 /* [CP] Check Pods Manifest.lock */,
				9C7DE6991DD62F4D00891F4A /* Sources */,
				9C7DE69A1DD62F4D00891F4A /* Frameworks */,
				9C7DE69B1DD62F4D00891F4A /* Resources */,
				8823F835C3B1CBD162A54FDE /* [CP] Embed Pods Frameworks */,
				5634AE7DBA3ED46A72BFF040 /* [CP] Copy Pods Resources */,
			);
			buildRules = (
			);
			dependencies = (
			);
			name = iOSDependencyInjectionWithSwinject;
			productName = iOSDependencyInjectionWithSwinject;
			productReference = 9C7DE69D1DD62F4D00891F4A /* iOSDependencyInjectionWithSwinject.app */;
			productType = "com.apple.product-type.application";
		};
/* End PBXNativeTarget section */

/* Begin PBXProject section */
		9C7DE6951DD62F4D00891F4A /* Project object */ = {
			isa = PBXProject;
			attributes = {
				LastSwiftUpdateCheck = 0800;
				LastUpgradeCheck = 0800;
				ORGANIZATIONNAME = "Maciek Rylko";
				TargetAttributes = {
					9C7DE69C1DD62F4D00891F4A = {
						CreatedOnToolsVersion = 8.0;
						ProvisioningStyle = Automatic;
					};
				};
			};
			buildConfigurationList = 9C7DE6981DD62F4D00891F4A /* Build configuration list for PBXProject "iOSDependencyInjectionWithSwinject" */;
			compatibilityVersion = "Xcode 3.2";
			developmentRegion = English;
			hasScannedForEncodings = 0;
			knownRegions = (
				en,
				Base,
			);
			mainGroup = 9C7DE6941DD62F4D00891F4A;
			productRefGroup = 9C7DE69E1DD62F4D00891F4A /* Products */;
			projectDirPath = "";
			projectRoot = "";
			targets = (
				9C7DE69C1DD62F4D00891F4A /* iOSDependencyInjectionWithSwinject */,
			);
		};
/* End PBXProject section */

/* Begin PBXResourcesBuildPhase section */
		9C7DE69B1DD62F4D00891F4A /* Resources */ = {
			isa = PBXResourcesBuildPhase;
			buildActionMask = 2147483647;
			files = (
				9C7DE6AD1DD62F4D00891F4A /* LaunchScreen.storyboard in Resources */,
				9C7DE6AA1DD62F4D00891F4A /* Assets.xcassets in Resources */,
				9C7F82351DD640450033C3A8 /* Podfile in Resources */,
				9C7DE6A81DD62F4D00891F4A /* Main.storyboard in Resources */,
			);
			runOnlyForDeploymentPostprocessing = 0;
		};
/* End PBXResourcesBuildPhase section */

/* Begin PBXShellScriptBuildPhase section */
		0B889D96C0DAF918985C52E8 /* [CP] Check Pods Manifest.lock */ = {
			isa = PBXShellScriptBuildPhase;
			buildActionMask = 2147483647;
			files = (
			);
			inputPaths = (
			);
			name = "[CP] Check Pods Manifest.lock";
			outputPaths = (
			);
			runOnlyForDeploymentPostprocessing = 0;
			shellPath = /bin/sh;
			shellScript = "diff \"${PODS_ROOT}/../Podfile.lock\" \"${PODS_ROOT}/Manifest.lock\" > /dev/null\nif [ $? != 0 ] ; then\n    # print error to STDERR\n    echo \"error: The sandbox is not in sync with the Podfile.lock. Run 'pod install' or update your CocoaPods installation.\" >&2\n    exit 1\nfi\n";
			showEnvVarsInLog = 0;
		};
		5634AE7DBA3ED46A72BFF040 /* [CP] Copy Pods Resources */ = {
			isa = PBXShellScriptBuildPhase;
			buildActionMask = 2147483647;
			files = (
			);
			inputPaths = (
			);
			name = "[CP] Copy Pods Resources";
			outputPaths = (
			);
			runOnlyForDeploymentPostprocessing = 0;
			shellPath = /bin/sh;
			shellScript = "\"${SRCROOT}/Pods/Target Support Files/Pods-iOSDependencyInjectionWithSwinject/Pods-iOSDependencyInjectionWithSwinject-resources.sh\"\n";
			showEnvVarsInLog = 0;
		};
		8823F835C3B1CBD162A54FDE /* [CP] Embed Pods Frameworks */ = {
			isa = PBXShellScriptBuildPhase;
			buildActionMask = 2147483647;
			files = (
			);
			inputPaths = (
			);
			name = "[CP] Embed Pods Frameworks";
			outputPaths = (
			);
			runOnlyForDeploymentPostprocessing = 0;
			shellPath = /bin/sh;
			shellScript = "\"${SRCROOT}/Pods/Target Support Files/Pods-iOSDependencyInjectionWithSwinject/Pods-iOSDependencyInjectionWithSwinject-frameworks.sh\"\n";
			showEnvVarsInLog = 0;
		};
/* End PBXShellScriptBuildPhase section */

/* Begin PBXSourcesBuildPhase section */
		9C7DE6991DD62F4D00891F4A /* Sources */ = {
			isa = PBXSourcesBuildPhase;
			buildActionMask = 2147483647;
			files = (
				9C7DE6A51DD62F4D00891F4A /* SecondViewController.swift in Sources */,
				9C7DE6B91DD637C200891F4A /* SwinjectStoryboard+Setup.swift in Sources */,
				9C7DE6B71DD6371D00891F4A /* TextProvider.swift in Sources */,
				9C7DE6A11DD62F4D00891F4A /* AppDelegate.swift in Sources */,
				9C7DE6A31DD62F4D00891F4A /* FirstViewController.swift in Sources */,
			);
			runOnlyForDeploymentPostprocessing = 0;
		};
/* End PBXSourcesBuildPhase section */

/* Begin PBXVariantGroup section */
		9C7DE6A61DD62F4D00891F4A /* Main.storyboard */ = {
			isa = PBXVariantGroup;
			children = (
				9C7DE6A71DD62F4D00891F4A /* Base */,
			);
			name = Main.storyboard;
			sourceTree = "<group>";
		};
		9C7DE6AB1DD62F4D00891F4A /* LaunchScreen.storyboard */ = {
			isa = PBXVariantGroup;
			children = (
				9C7DE6AC1DD62F4D00891F4A /* Base */,
			);
			name = LaunchScreen.storyboard;
			sourceTree = "<group>";
		};
/* End PBXVariantGroup section */

/* Begin XCBuildConfiguration section */
		9C7DE6AF1DD62F4D00891F4A /* Debug */ = {
			isa = XCBuildConfiguration;
			buildSettings = {
				ALWAYS_SEARCH_USER_PATHS = NO;
				CLANG_ANALYZER_NONNULL = YES;
				CLANG_CXX_LANGUAGE_STANDARD = "gnu++0x";
				CLANG_CXX_LIBRARY = "libc++";
				CLANG_ENABLE_MODULES = YES;
				CLANG_ENABLE_OBJC_ARC = YES;
				CLANG_WARN_BOOL_CONVERSION = YES;
				CLANG_WARN_CONSTANT_CONVERSION = YES;
				CLANG_WARN_DIRECT_OBJC_ISA_USAGE = YES_ERROR;
				CLANG_WARN_DOCUMENTATION_COMMENTS = YES;
				CLANG_WARN_EMPTY_BODY = YES;
				CLANG_WARN_ENUM_CONVERSION = YES;
				CLANG_WARN_INFINITE_RECURSION = YES;
				CLANG_WARN_INT_CONVERSION = YES;
				CLANG_WARN_OBJC_ROOT_CLASS = YES_ERROR;
				CLANG_WARN_SUSPICIOUS_MOVES = YES;
				CLANG_WARN_UNREACHABLE_CODE = YES;
				CLANG_WARN__DUPLICATE_METHOD_MATCH = YES;
				"CODE_SIGN_IDENTITY[sdk=iphoneos*]" = "iPhone Developer";
				COPY_PHASE_STRIP = NO;
				DEBUG_INFORMATION_FORMAT = dwarf;
				ENABLE_STRICT_OBJC_MSGSEND = YES;
				ENABLE_TESTABILITY = YES;
				GCC_C_LANGUAGE_STANDARD = gnu99;
				GCC_DYNAMIC_NO_PIC = NO;
				GCC_NO_COMMON_BLOCKS = YES;
				GCC_OPTIMIZATION_LEVEL = 0;
				GCC_PREPROCESSOR_DEFINITIONS = (
					"DEBUG=1",
					"$(inherited)",
				);
				GCC_WARN_64_TO_32_BIT_CONVERSION = YES;
				GCC_WARN_ABOUT_RETURN_TYPE = YES_ERROR;
				GCC_WARN_UNDECLARED_SELECTOR = YES;
				GCC_WARN_UNINITIALIZED_AUTOS = YES_AGGRESSIVE;
				GCC_WARN_UNUSED_FUNCTION = YES;
				GCC_WARN_UNUSED_VARIABLE = YES;
				IPHONEOS_DEPLOYMENT_TARGET = 10.0;
				MTL_ENABLE_DEBUG_INFO = YES;
				ONLY_ACTIVE_ARCH = YES;
				SDKROOT = iphoneos;
				SWIFT_ACTIVE_COMPILATION_CONDITIONS = DEBUG;
				SWIFT_OPTIMIZATION_LEVEL = "-Onone";
			};
			name = Debug;
		};
		9C7DE6B01DD62F4D00891F4A /* Release */ = {
			isa = XCBuildConfiguration;
			buildSettings = {
				ALWAYS_SEARCH_USER_PATHS = NO;
				CLANG_ANALYZER_NONNULL = YES;
				CLANG_CXX_LANGUAGE_STANDARD = "gnu++0x";
				CLANG_CXX_LIBRARY = "libc++";
				CLANG_ENABLE_MODULES = YES;
				CLANG_ENABLE_OBJC_ARC = YES;
				CLANG_WARN_BOOL_CONVERSION = YES;
				CLANG_WARN_CONSTANT_CONVERSION = YES;
				CLANG_WARN_DIRECT_OBJC_ISA_USAGE = YES_ERROR;
				CLANG_WARN_DOCUMENTATION_COMMENTS = YES;
				CLANG_WARN_EMPTY_BODY = YES;
				CLANG_WARN_ENUM_CONVERSION = YES;
				CLANG_WARN_INFINITE_RECURSION = YES;
				CLANG_WARN_INT_CONVERSION = YES;
				CLANG_WARN_OBJC_ROOT_CLASS = YES_ERROR;
				CLANG_WARN_SUSPICIOUS_MOVES = YES;
				CLANG_WARN_UNREACHABLE_CODE = YES;
				CLANG_WARN__DUPLICATE_METHOD_MATCH = YES;
				"CODE_SIGN_IDENTITY[sdk=iphoneos*]" = "iPhone Developer";
				COPY_PHASE_STRIP = NO;
				DEBUG_INFORMATION_FORMAT = "dwarf-with-dsym";
				ENABLE_NS_ASSERTIONS = NO;
				ENABLE_STRICT_OBJC_MSGSEND = YES;
				GCC_C_LANGUAGE_STANDARD = gnu99;
				GCC_NO_COMMON_BLOCKS = YES;
				GCC_WARN_64_TO_32_BIT_CONVERSION = YES;
				GCC_WARN_ABOUT_RETURN_TYPE = YES_ERROR;
				GCC_WARN_UNDECLARED_SELECTOR = YES;
				GCC_WARN_UNINITIALIZED_AUTOS = YES_AGGRESSIVE;
				GCC_WARN_UNUSED_FUNCTION = YES;
				GCC_WARN_UNUSED_VARIABLE = YES;
				IPHONEOS_DEPLOYMENT_TARGET = 10.0;
				MTL_ENABLE_DEBUG_INFO = NO;
				SDKROOT = iphoneos;
				SWIFT_OPTIMIZATION_LEVEL = "-Owholemodule";
				VALIDATE_PRODUCT = YES;
			};
			name = Release;
		};
		9C7DE6B21DD62F4D00891F4A /* Debug */ = {
			isa = XCBuildConfiguration;
			baseConfigurationReference = D130B88FED76825E458FF43F /* Pods-iOSDependencyInjectionWithSwinject.debug.xcconfig */;
			buildSettings = {
				ASSETCATALOG_COMPILER_APPICON_NAME = AppIcon;
				INFOPLIST_FILE = iOSDependencyInjectionWithSwinject/Info.plist;
				IPHONEOS_DEPLOYMENT_TARGET = 8.0;
				LD_RUNPATH_SEARCH_PATHS = "$(inherited) @executable_path/Frameworks";
				ONLY_ACTIVE_ARCH = YES;
				PRODUCT_BUNDLE_IDENTIFIER = com.rylko.iOSDependencyInjectionWithSwinject;
				PRODUCT_NAME = "$(TARGET_NAME)";
				SWIFT_VERSION = 3.0;
			};
			name = Debug;
		};
		9C7DE6B31DD62F4D00891F4A /* Release */ = {
			isa = XCBuildConfiguration;
			baseConfigurationReference = 5CBA6DF13947CBB962569047 /* Pods-iOSDependencyInjectionWithSwinject.release.xcconfig */;
			buildSettings = {
				ASSETCATALOG_COMPILER_APPICON_NAME = AppIcon;
				INFOPLIST_FILE = iOSDependencyInjectionWithSwinject/Info.plist;
				IPHONEOS_DEPLOYMENT_TARGET = 8.0;
				LD_RUNPATH_SEARCH_PATHS = "$(inherited) @executable_path/Frameworks";
				ONLY_ACTIVE_ARCH = YES;
				PRODUCT_BUNDLE_IDENTIFIER = com.rylko.iOSDependencyInjectionWithSwinject;
				PRODUCT_NAME = "$(TARGET_NAME)";
				SWIFT_VERSION = 3.0;
			};
			name = Release;
		};
/* End XCBuildConfiguration section */

/* Begin XCConfigurationList section */
		9C7DE6981DD62F4D00891F4A /* Build configuration list for PBXProject "iOSDependencyInjectionWithSwinject" */ = {
			isa = XCConfigurationList;
			buildConfigurations = (
				9C7DE6AF1DD62F4D00891F4A /* Debug */,
				9C7DE6B01DD62F4D00891F4A /* Release */,
			);
			defaultConfigurationIsVisible = 0;
			defaultConfigurationName = Release;
		};
		9C7DE6B11DD62F4D00891F4A /* Build configuration list for PBXNativeTarget "iOSDependencyInjectionWithSwinject" */ = {
			isa = XCConfigurationList;
			buildConfigurations = (
				9C7DE6B21DD62F4D00891F4A /* Debug */,
				9C7DE6B31DD62F4D00891F4A /* Release */,
			);
			defaultConfigurationIsVisible = 0;
			defaultConfigurationName = Release;
		};
/* End XCConfigurationList section */
	};
	rootObject = 9C7DE6951DD62F4D00891F4A /* Project object */;
}
